{
  "originHash" : "8e896c8452ed0a886aa16443d5677ca92019b6615ae1a96abbcdd6dc7850dc09",
  "pins" : [
    {
      "identity" : "swift-subprocess",
      "kind" : "remoteSourceControl",
      "location" : "https://github.com/swiftlang/swift-subprocess.git",
      "state" : {
        "branch" : "main",
        "revision" : "ab2072d457d1464b17166cc02125fc9fc0791e1a"
      }
    },
    {
      "identity" : "swift-system",
      "kind" : "remoteSourceControl",
      "location" : "https://github.com/apple/swift-system",
      "state" : {
        "revision" : "395a77f0aa927f0ff73941d7ac35f2b46d47c9db",
        "version" : "1.6.3"
      }
    }
  ],
  "version" : 3
}
